// !$*UTF8*$!
{
	archiveVersion = 1;
	classes = {
	};
	objectVersion = 56;
	objects = {

/* Begin PBXBuildFile section */
		88251AB22C7D5F0600CE2EB3 /* RadiusBackground.swift in Sources */ = {isa = PBXBuildFile; fileRef = 88251AB12C7D5F0600CE2EB3 /* RadiusBackground.swift */; };
		887412252C85C20D00C2D507 /* SplashView.swift in Sources */ = {isa = PBXBuildFile; fileRef = 887412242C85C20D00C2D507 /* SplashView.swift */; };
		887412272C85C61F00C2D507 /* CapsuleBackground.swift in Sources */ = {isa = PBXBuildFile; fileRef = 887412262C85C61F00C2D507 /* CapsuleBackground.swift */; };
		887412292C85DD0200C2D507 /* LoginView.swift in Sources */ = {isa = PBXBuildFile; fileRef = 887412282C85DD0200C2D507 /* LoginView.swift */; };
		8874122B2C85DF8300C2D507 /* CircleBorder.swift in Sources */ = {isa = PBXBuildFile; fileRef = 8874122A2C85DF8300C2D507 /* CircleBorder.swift */; };
		8874122E2C85E56F00C2D507 /* CompleteView.swift in Sources */ = {isa = PBXBuildFile; fileRef = 8874122D2C85E56F00C2D507 /* CompleteView.swift */; };
		8876759C2C86EF9900E3A5FC /* SearchView.swift in Sources */ = {isa = PBXBuildFile; fileRef = 8876759B2C86EF9900E3A5FC /* SearchView.swift */; };
		8876759E2C86F0DB00E3A5FC /* Search.swift in Sources */ = {isa = PBXBuildFile; fileRef = 8876759D2C86F0DB00E3A5FC /* Search.swift */; };
		887675A02C86F69C00E3A5FC /* Color+.swift in Sources */ = {isa = PBXBuildFile; fileRef = 8876759F2C86F69C00E3A5FC /* Color+.swift */; };
		887675A52C86FD1A00E3A5FC /* CoinView.swift in Sources */ = {isa = PBXBuildFile; fileRef = 887675A42C86FD1A00E3A5FC /* CoinView.swift */; };
		887675A82C86FDAA00E3A5FC /* UpbitAPI.swift in Sources */ = {isa = PBXBuildFile; fileRef = 887675A72C86FDAA00E3A5FC /* UpbitAPI.swift */; };
		887675AC2C871A0E00E3A5FC /* DetailCoinView.swift in Sources */ = {isa = PBXBuildFile; fileRef = 887675AB2C871A0E00E3A5FC /* DetailCoinView.swift */; };
		8893413A2C76C61900243A8E /* PracticeSwiftUIApp.swift in Sources */ = {isa = PBXBuildFile; fileRef = 889341392C76C61900243A8E /* PracticeSwiftUIApp.swift */; };
		8893413C2C76C61900243A8E /* ContentView.swift in Sources */ = {isa = PBXBuildFile; fileRef = 8893413B2C76C61900243A8E /* ContentView.swift */; };
		8893413E2C76C61B00243A8E /* Assets.xcassets in Resources */ = {isa = PBXBuildFile; fileRef = 8893413D2C76C61B00243A8E /* Assets.xcassets */; };
		889341412C76C61B00243A8E /* Preview Assets.xcassets in Resources */ = {isa = PBXBuildFile; fileRef = 889341402C76C61B00243A8E /* Preview Assets.xcassets */; };
		88D00FE32C86A61E001090C8 /* ProfileView.swift in Sources */ = {isa = PBXBuildFile; fileRef = 88D00FE22C86A61E001090C8 /* ProfileView.swift */; };
		88D00FEF2C86C2A4001090C8 /* ProfileImageView.swift in Sources */ = {isa = PBXBuildFile; fileRef = 88D00FEE2C86C2A4001090C8 /* ProfileImageView.swift */; };
/* End PBXBuildFile section */

/* Begin PBXFileReference section */
		88251AB12C7D5F0600CE2EB3 /* RadiusBackground.swift */ = {isa = PBXFileReference; lastKnownFileType = sourcecode.swift; path = RadiusBackground.swift; sourceTree = "<group>"; };
		887412242C85C20D00C2D507 /* SplashView.swift */ = {isa = PBXFileReference; lastKnownFileType = sourcecode.swift; path = SplashView.swift; sourceTree = "<group>"; };
		887412262C85C61F00C2D507 /* CapsuleBackground.swift */ = {isa = PBXFileReference; lastKnownFileType = sourcecode.swift; path = CapsuleBackground.swift; sourceTree = "<group>"; };
		887412282C85DD0200C2D507 /* LoginView.swift */ = {isa = PBXFileReference; lastKnownFileType = sourcecode.swift; path = LoginView.swift; sourceTree = "<group>"; };
		8874122A2C85DF8300C2D507 /* CircleBorder.swift */ = {isa = PBXFileReference; lastKnownFileType = sourcecode.swift; path = CircleBorder.swift; sourceTree = "<group>"; };
		8874122D2C85E56F00C2D507 /* CompleteView.swift */ = {isa = PBXFileReference; lastKnownFileType = sourcecode.swift; path = CompleteView.swift; sourceTree = "<group>"; };
		8876759B2C86EF9900E3A5FC /* SearchView.swift */ = {isa = PBXFileReference; lastKnownFileType = sourcecode.swift; path = SearchView.swift; sourceTree = "<group>"; };
		8876759D2C86F0DB00E3A5FC /* Search.swift */ = {isa = PBXFileReference; lastKnownFileType = sourcecode.swift; path = Search.swift; sourceTree = "<group>"; };
		8876759F2C86F69C00E3A5FC /* Color+.swift */ = {isa = PBXFileReference; lastKnownFileType = sourcecode.swift; path = "Color+.swift"; sourceTree = "<group>"; };
		887675A42C86FD1A00E3A5FC /* CoinView.swift */ = {isa = PBXFileReference; lastKnownFileType = sourcecode.swift; path = CoinView.swift; sourceTree = "<group>"; };
		887675A72C86FDAA00E3A5FC /* UpbitAPI.swift */ = {isa = PBXFileReference; lastKnownFileType = sourcecode.swift; path = UpbitAPI.swift; sourceTree = "<group>"; };
		887675AB2C871A0E00E3A5FC /* DetailCoinView.swift */ = {isa = PBXFileReference; lastKnownFileType = sourcecode.swift; path = DetailCoinView.swift; sourceTree = "<group>"; };
		889341362C76C61900243A8E /* PracticeSwiftUI.app */ = {isa = PBXFileReference; explicitFileType = wrapper.application; includeInIndex = 0; path = PracticeSwiftUI.app; sourceTree = BUILT_PRODUCTS_DIR; };
		889341392C76C61900243A8E /* PracticeSwiftUIApp.swift */ = {isa = PBXFileReference; lastKnownFileType = sourcecode.swift; path = PracticeSwiftUIApp.swift; sourceTree = "<group>"; };
		8893413B2C76C61900243A8E /* ContentView.swift */ = {isa = PBXFileReference; lastKnownFileType = sourcecode.swift; path = ContentView.swift; sourceTree = "<group>"; };
		8893413D2C76C61B00243A8E /* Assets.xcassets */ = {isa = PBXFileReference; lastKnownFileType = folder.assetcatalog; path = Assets.xcassets; sourceTree = "<group>"; };
		889341402C76C61B00243A8E /* Preview Assets.xcassets */ = {isa = PBXFileReference; lastKnownFileType = folder.assetcatalog; path = "Preview Assets.xcassets"; sourceTree = "<group>"; };
		88D00FE22C86A61E001090C8 /* ProfileView.swift */ = {isa = PBXFileReference; lastKnownFileType = sourcecode.swift; path = ProfileView.swift; sourceTree = "<group>"; };
		88D00FEE2C86C2A4001090C8 /* ProfileImageView.swift */ = {isa = PBXFileReference; lastKnownFileType = sourcecode.swift; path = ProfileImageView.swift; sourceTree = "<group>"; };
/* End PBXFileReference section */

/* Begin PBXFrameworksBuildPhase section */
		889341332C76C61900243A8E /* Frameworks */ = {
			isa = PBXFrameworksBuildPhase;
			buildActionMask = 2147483647;
			files = (
			);
			runOnlyForDeploymentPostprocessing = 0;
		};
/* End PBXFrameworksBuildPhase section */

/* Begin PBXGroup section */
		8874122C2C85DF8900C2D507 /* Modifier */ = {
			isa = PBXGroup;
			children = (
				8874122A2C85DF8300C2D507 /* CircleBorder.swift */,
				887412262C85C61F00C2D507 /* CapsuleBackground.swift */,
				88251AB12C7D5F0600CE2EB3 /* RadiusBackground.swift */,
				8874122D2C85E56F00C2D507 /* CompleteView.swift */,
			);
			path = Modifier;
			sourceTree = "<group>";
		};
		887675992C86EF8200E3A5FC /* UserView */ = {
			isa = PBXGroup;
			children = (
				887412242C85C20D00C2D507 /* SplashView.swift */,
				887412282C85DD0200C2D507 /* LoginView.swift */,
				88D00FE22C86A61E001090C8 /* ProfileView.swift */,
			);
			path = UserView;
			sourceTree = "<group>";
		};
		887675A12C86FC7E00E3A5FC /* SearchView */ = {
			isa = PBXGroup;
			children = (
				8876759D2C86F0DB00E3A5FC /* Search.swift */,
				8876759B2C86EF9900E3A5FC /* SearchView.swift */,
			);
			path = SearchView;
			sourceTree = "<group>";
		};
		887675A22C86FC8700E3A5FC /* Extension */ = {
			isa = PBXGroup;
			children = (
				8876759F2C86F69C00E3A5FC /* Color+.swift */,
			);
			path = Extension;
			sourceTree = "<group>";
		};
		887675A32C86FD1400E3A5FC /* CoinView */ = {
			isa = PBXGroup;
			children = (
				887675A42C86FD1A00E3A5FC /* CoinView.swift */,
				887675AB2C871A0E00E3A5FC /* DetailCoinView.swift */,
			);
			path = CoinView;
			sourceTree = "<group>";
		};
		887675A62C86FD8600E3A5FC /* Network */ = {
			isa = PBXGroup;
			children = (
				887675A72C86FDAA00E3A5FC /* UpbitAPI.swift */,
			);
			path = Network;
			sourceTree = "<group>";
		};
		8893412D2C76C61900243A8E = {
			isa = PBXGroup;
			children = (
				889341382C76C61900243A8E /* PracticeSwiftUI */,
				889341372C76C61900243A8E /* Products */,
			);
			sourceTree = "<group>";
		};
		889341372C76C61900243A8E /* Products */ = {
			isa = PBXGroup;
			children = (
				889341362C76C61900243A8E /* PracticeSwiftUI.app */,
			);
			name = Products;
			sourceTree = "<group>";
		};
		889341382C76C61900243A8E /* PracticeSwiftUI */ = {
			isa = PBXGroup;
			children = (
				887675A62C86FD8600E3A5FC /* Network */,
				887675A32C86FD1400E3A5FC /* CoinView */,
				887675A22C86FC8700E3A5FC /* Extension */,
				887675A12C86FC7E00E3A5FC /* SearchView */,
				887675992C86EF8200E3A5FC /* UserView */,
				88D00FF02C86C2F5001090C8 /* CustomView */,
				8874122C2C85DF8900C2D507 /* Modifier */,
				889341392C76C61900243A8E /* PracticeSwiftUIApp.swift */,
				8893413B2C76C61900243A8E /* ContentView.swift */,
				8893413D2C76C61B00243A8E /* Assets.xcassets */,
				8893413F2C76C61B00243A8E /* Preview Content */,
			);
			path = PracticeSwiftUI;
			sourceTree = "<group>";
		};
		8893413F2C76C61B00243A8E /* Preview Content */ = {
			isa = PBXGroup;
			children = (
				889341402C76C61B00243A8E /* Preview Assets.xcassets */,
			);
			path = "Preview Content";
			sourceTree = "<group>";
		};
		88D00FF02C86C2F5001090C8 /* CustomView */ = {
			isa = PBXGroup;
			children = (
				88D00FEE2C86C2A4001090C8 /* ProfileImageView.swift */,
			);
			path = CustomView;
			sourceTree = "<group>";
		};
/* End PBXGroup section */

/* Begin PBXNativeTarget section */
		889341352C76C61900243A8E /* PracticeSwiftUI */ = {
			isa = PBXNativeTarget;
			buildConfigurationList = 889341442C76C61B00243A8E /* Build configuration list for PBXNativeTarget "PracticeSwiftUI" */;
			buildPhases = (
				889341322C76C61900243A8E /* Sources */,
				889341332C76C61900243A8E /* Frameworks */,
				889341342C76C61900243A8E /* Resources */,
			);
			buildRules = (
			);
			dependencies = (
			);
			name = PracticeSwiftUI;
			productName = PracticeSwiftUI;
			productReference = 889341362C76C61900243A8E /* PracticeSwiftUI.app */;
			productType = "com.apple.product-type.application";
		};
/* End PBXNativeTarget section */

/* Begin PBXProject section */
		8893412E2C76C61900243A8E /* Project object */ = {
			isa = PBXProject;
			attributes = {
				BuildIndependentTargetsInParallel = 1;
				LastSwiftUpdateCheck = 1540;
				LastUpgradeCheck = 1540;
				TargetAttributes = {
					889341352C76C61900243A8E = {
						CreatedOnToolsVersion = 15.4;
					};
				};
			};
			buildConfigurationList = 889341312C76C61900243A8E /* Build configuration list for PBXProject "PracticeSwiftUI" */;
			compatibilityVersion = "Xcode 14.0";
			developmentRegion = en;
			hasScannedForEncodings = 0;
			knownRegions = (
				en,
				Base,
			);
			mainGroup = 8893412D2C76C61900243A8E;
			productRefGroup = 889341372C76C61900243A8E /* Products */;
			projectDirPath = "";
			projectRoot = "";
			targets = (
				889341352C76C61900243A8E /* PracticeSwiftUI */,
			);
		};
/* End PBXProject section */

/* Begin PBXResourcesBuildPhase section */
		889341342C76C61900243A8E /* Resources */ = {
			isa = PBXResourcesBuildPhase;
			buildActionMask = 2147483647;
			files = (
				889341412C76C61B00243A8E /* Preview Assets.xcassets in Resources */,
				8893413E2C76C61B00243A8E /* Assets.xcassets in Resources */,
			);
			runOnlyForDeploymentPostprocessing = 0;
		};
/* End PBXResourcesBuildPhase section */

/* Begin PBXSourcesBuildPhase section */
		889341322C76C61900243A8E /* Sources */ = {
			isa = PBXSourcesBuildPhase;
			buildActionMask = 2147483647;
			files = (
				8876759C2C86EF9900E3A5FC /* SearchView.swift in Sources */,
				887412292C85DD0200C2D507 /* LoginView.swift in Sources */,
				88D00FE32C86A61E001090C8 /* ProfileView.swift in Sources */,
				88D00FEF2C86C2A4001090C8 /* ProfileImageView.swift in Sources */,
				8874122E2C85E56F00C2D507 /* CompleteView.swift in Sources */,
				88251AB22C7D5F0600CE2EB3 /* RadiusBackground.swift in Sources */,
				887675AC2C871A0E00E3A5FC /* DetailCoinView.swift in Sources */,
				887412252C85C20D00C2D507 /* SplashView.swift in Sources */,
				8874122B2C85DF8300C2D507 /* CircleBorder.swift in Sources */,
				8893413C2C76C61900243A8E /* ContentView.swift in Sources */,
				887675A52C86FD1A00E3A5FC /* CoinView.swift in Sources */,
				887675A82C86FDAA00E3A5FC /* UpbitAPI.swift in Sources */,
				8876759E2C86F0DB00E3A5FC /* Search.swift in Sources */,
				887675A02C86F69C00E3A5FC /* Color+.swift in Sources */,
				887412272C85C61F00C2D507 /* CapsuleBackground.swift in Sources */,
				8893413A2C76C61900243A8E /* PracticeSwiftUIApp.swift in Sources */,
			);
			runOnlyForDeploymentPostprocessing = 0;
		};
/* End PBXSourcesBuildPhase section */

/* Begin XCBuildConfiguration section */
		889341422C76C61B00243A8E /* Debug */ = {
			isa = XCBuildConfiguration;
			buildSettings = {
				ALWAYS_SEARCH_USER_PATHS = NO;
				ASSETCATALOG_COMPILER_GENERATE_SWIFT_ASSET_SYMBOL_EXTENSIONS = YES;
				CLANG_ANALYZER_NONNULL = YES;
				CLANG_ANALYZER_NUMBER_OBJECT_CONVERSION = YES_AGGRESSIVE;
				CLANG_CXX_LANGUAGE_STANDARD = "gnu++20";
				CLANG_ENABLE_MODULES = YES;
				CLANG_ENABLE_OBJC_ARC = YES;
				CLANG_ENABLE_OBJC_WEAK = YES;
				CLANG_WARN_BLOCK_CAPTURE_AUTORELEASING = YES;
				CLANG_WARN_BOOL_CONVERSION = YES;
				CLANG_WARN_COMMA = YES;
				CLANG_WARN_CONSTANT_CONVERSION = YES;
				CLANG_WARN_DEPRECATED_OBJC_IMPLEMENTATIONS = YES;
				CLANG_WARN_DIRECT_OBJC_ISA_USAGE = YES_ERROR;
				CLANG_WARN_DOCUMENTATION_COMMENTS = YES;
				CLANG_WARN_EMPTY_BODY = YES;
				CLANG_WARN_ENUM_CONVERSION = YES;
				CLANG_WARN_INFINITE_RECURSION = YES;
				CLANG_WARN_INT_CONVERSION = YES;
				CLANG_WARN_NON_LITERAL_NULL_CONVERSION = YES;
				CLANG_WARN_OBJC_IMPLICIT_RETAIN_SELF = YES;
				CLANG_WARN_OBJC_LITERAL_CONVERSION = YES;
				CLANG_WARN_OBJC_ROOT_CLASS = YES_ERROR;
				CLANG_WARN_QUOTED_INCLUDE_IN_FRAMEWORK_HEADER = YES;
				CLANG_WARN_RANGE_LOOP_ANALYSIS = YES;
				CLANG_WARN_STRICT_PROTOTYPES = YES;
				CLANG_WARN_SUSPICIOUS_MOVE = YES;
				CLANG_WARN_UNGUARDED_AVAILABILITY = YES_AGGRESSIVE;
				CLANG_WARN_UNREACHABLE_CODE = YES;
				CLANG_WARN__DUPLICATE_METHOD_MATCH = YES;
				COPY_PHASE_STRIP = NO;
				DEBUG_INFORMATION_FORMAT = dwarf;
				ENABLE_STRICT_OBJC_MSGSEND = YES;
				ENABLE_TESTABILITY = YES;
				ENABLE_USER_SCRIPT_SANDBOXING = YES;
				GCC_C_LANGUAGE_STANDARD = gnu17;
				GCC_DYNAMIC_NO_PIC = NO;
				GCC_NO_COMMON_BLOCKS = YES;
				GCC_OPTIMIZATION_LEVEL = 0;
				GCC_PREPROCESSOR_DEFINITIONS = (
					"DEBUG=1",
					"$(inherited)",
				);
				GCC_WARN_64_TO_32_BIT_CONVERSION = YES;
				GCC_WARN_ABOUT_RETURN_TYPE = YES_ERROR;
				GCC_WARN_UNDECLARED_SELECTOR = YES;
				GCC_WARN_UNINITIALIZED_AUTOS = YES_AGGRESSIVE;
				GCC_WARN_UNUSED_FUNCTION = YES;
				GCC_WARN_UNUSED_VARIABLE = YES;
				IPHONEOS_DEPLOYMENT_TARGET = 17.5;
				LOCALIZATION_PREFERS_STRING_CATALOGS = YES;
				MTL_ENABLE_DEBUG_INFO = INCLUDE_SOURCE;
				MTL_FAST_MATH = YES;
				ONLY_ACTIVE_ARCH = YES;
				SDKROOT = iphoneos;
				SWIFT_ACTIVE_COMPILATION_CONDITIONS = "DEBUG $(inherited)";
				SWIFT_OPTIMIZATION_LEVEL = "-Onone";
			};
			name = Debug;
		};
		889341432C76C61B00243A8E /* Release */ = {
			isa = XCBuildConfiguration;
			buildSettings = {
				ALWAYS_SEARCH_USER_PATHS = NO;
				ASSETCATALOG_COMPILER_GENERATE_SWIFT_ASSET_SYMBOL_EXTENSIONS = YES;
				CLANG_ANALYZER_NONNULL = YES;
				CLANG_ANALYZER_NUMBER_OBJECT_CONVERSION = YES_AGGRESSIVE;
				CLANG_CXX_LANGUAGE_STANDARD = "gnu++20";
				CLANG_ENABLE_MODULES = YES;
				CLANG_ENABLE_OBJC_ARC = YES;
				CLANG_ENABLE_OBJC_WEAK = YES;
				CLANG_WARN_BLOCK_CAPTURE_AUTORELEASING = YES;
				CLANG_WARN_BOOL_CONVERSION = YES;
				CLANG_WARN_COMMA = YES;
				CLANG_WARN_CONSTANT_CONVERSION = YES;
				CLANG_WARN_DEPRECATED_OBJC_IMPLEMENTATIONS = YES;
				CLANG_WARN_DIRECT_OBJC_ISA_USAGE = YES_ERROR;
				CLANG_WARN_DOCUMENTATION_COMMENTS = YES;
				CLANG_WARN_EMPTY_BODY = YES;
				CLANG_WARN_ENUM_CONVERSION = YES;
				CLANG_WARN_INFINITE_RECURSION = YES;
				CLANG_WARN_INT_CONVERSION = YES;
				CLANG_WARN_NON_LITERAL_NULL_CONVERSION = YES;
				CLANG_WARN_OBJC_IMPLICIT_RETAIN_SELF = YES;
				CLANG_WARN_OBJC_LITERAL_CONVERSION = YES;
				CLANG_WARN_OBJC_ROOT_CLASS = YES_ERROR;
				CLANG_WARN_QUOTED_INCLUDE_IN_FRAMEWORK_HEADER = YES;
				CLANG_WARN_RANGE_LOOP_ANALYSIS = YES;
				CLANG_WARN_STRICT_PROTOTYPES = YES;
				CLANG_WARN_SUSPICIOUS_MOVE = YES;
				CLANG_WARN_UNGUARDED_AVAILABILITY = YES_AGGRESSIVE;
				CLANG_WARN_UNREACHABLE_CODE = YES;
				CLANG_WARN__DUPLICATE_METHOD_MATCH = YES;
				COPY_PHASE_STRIP = NO;
				DEBUG_INFORMATION_FORMAT = "dwarf-with-dsym";
				ENABLE_NS_ASSERTIONS = NO;
				ENABLE_STRICT_OBJC_MSGSEND = YES;
				ENABLE_USER_SCRIPT_SANDBOXING = YES;
				GCC_C_LANGUAGE_STANDARD = gnu17;
				GCC_NO_COMMON_BLOCKS = YES;
				GCC_WARN_64_TO_32_BIT_CONVERSION = YES;
				GCC_WARN_ABOUT_RETURN_TYPE = YES_ERROR;
				GCC_WARN_UNDECLARED_SELECTOR = YES;
				GCC_WARN_UNINITIALIZED_AUTOS = YES_AGGRESSIVE;
				GCC_WARN_UNUSED_FUNCTION = YES;
				GCC_WARN_UNUSED_VARIABLE = YES;
				IPHONEOS_DEPLOYMENT_TARGET = 17.5;
				LOCALIZATION_PREFERS_STRING_CATALOGS = YES;
				MTL_ENABLE_DEBUG_INFO = NO;
				MTL_FAST_MATH = YES;
				SDKROOT = iphoneos;
				SWIFT_COMPILATION_MODE = wholemodule;
				VALIDATE_PRODUCT = YES;
			};
			name = Release;
		};
		889341452C76C61B00243A8E /* Debug */ = {
			isa = XCBuildConfiguration;
			buildSettings = {
				ASSETCATALOG_COMPILER_APPICON_NAME = AppIcon;
				ASSETCATALOG_COMPILER_GLOBAL_ACCENT_COLOR_NAME = AccentColor;
				CODE_SIGN_STYLE = Automatic;
				CURRENT_PROJECT_VERSION = 1;
				DEVELOPMENT_ASSET_PATHS = "\"PracticeSwiftUI/Preview Content\"";
				ENABLE_PREVIEWS = YES;
				GENERATE_INFOPLIST_FILE = YES;
				INFOPLIST_KEY_UIApplicationSceneManifest_Generation = YES;
				INFOPLIST_KEY_UIApplicationSupportsIndirectInputEvents = YES;
				INFOPLIST_KEY_UILaunchScreen_Generation = YES;
				INFOPLIST_KEY_UISupportedInterfaceOrientations_iPad = "UIInterfaceOrientationPortrait UIInterfaceOrientationPortraitUpsideDown UIInterfaceOrientationLandscapeLeft UIInterfaceOrientationLandscapeRight";
				INFOPLIST_KEY_UISupportedInterfaceOrientations_iPhone = "UIInterfaceOrientationPortrait UIInterfaceOrientationLandscapeLeft UIInterfaceOrientationLandscapeRight";
				LD_RUNPATH_SEARCH_PATHS = (
					"$(inherited)",
					"@executable_path/Frameworks",
				);
				MARKETING_VERSION = 1.0;
				PRODUCT_BUNDLE_IDENTIFIER = com.jm.PracticeSwiftUI;
				PRODUCT_NAME = "$(TARGET_NAME)";
				SWIFT_EMIT_LOC_STRINGS = YES;
				SWIFT_VERSION = 5.0;
				TARGETED_DEVICE_FAMILY = "1,2";
			};
			name = Debug;
		};
		889341462C76C61B00243A8E /* Release */ = {
			isa = XCBuildConfiguration;
			buildSettings = {
				ASSETCATALOG_COMPILER_APPICON_NAME = AppIcon;
				ASSETCATALOG_COMPILER_GLOBAL_ACCENT_COLOR_NAME = AccentColor;
				CODE_SIGN_STYLE = Automatic;
				CURRENT_PROJECT_VERSION = 1;
				DEVELOPMENT_ASSET_PATHS = "\"PracticeSwiftUI/Preview Content\"";
				ENABLE_PREVIEWS = YES;
				GENERATE_INFOPLIST_FILE = YES;
				INFOPLIST_KEY_UIApplicationSceneManifest_Generation = YES;
				INFOPLIST_KEY_UIApplicationSupportsIndirectInputEvents = YES;
				INFOPLIST_KEY_UILaunchScreen_Generation = YES;
				INFOPLIST_KEY_UISupportedInterfaceOrientations_iPad = "UIInterfaceOrientationPortrait UIInterfaceOrientationPortraitUpsideDown UIInterfaceOrientationLandscapeLeft UIInterfaceOrientationLandscapeRight";
				INFOPLIST_KEY_UISupportedInterfaceOrientations_iPhone = "UIInterfaceOrientationPortrait UIInterfaceOrientationLandscapeLeft UIInterfaceOrientationLandscapeRight";
				LD_RUNPATH_SEARCH_PATHS = (
					"$(inherited)",
					"@executable_path/Frameworks",
				);
				MARKETING_VERSION = 1.0;
				PRODUCT_BUNDLE_IDENTIFIER = com.jm.PracticeSwiftUI;
				PRODUCT_NAME = "$(TARGET_NAME)";
				SWIFT_EMIT_LOC_STRINGS = YES;
				SWIFT_VERSION = 5.0;
				TARGETED_DEVICE_FAMILY = "1,2";
			};
			name = Release;
		};
/* End XCBuildConfiguration section */

/* Begin XCConfigurationList section */
		889341312C76C61900243A8E /* Build configuration list for PBXProject "PracticeSwiftUI" */ = {
			isa = XCConfigurationList;
			buildConfigurations = (
				889341422C76C61B00243A8E /* Debug */,
				889341432C76C61B00243A8E /* Release */,
			);
			defaultConfigurationIsVisible = 0;
			defaultConfigurationName = Release;
		};
		889341442C76C61B00243A8E /* Build configuration list for PBXNativeTarget "PracticeSwiftUI" */ = {
			isa = XCConfigurationList;
			buildConfigurations = (
				889341452C76C61B00243A8E /* Debug */,
				889341462C76C61B00243A8E /* Release */,
			);
			defaultConfigurationIsVisible = 0;
			defaultConfigurationName = Release;
		};
/* End XCConfigurationList section */
	};
	rootObject = 8893412E2C76C61900243A8E /* Project object */;
}
